
Microsoft Visual Studio Solution File, Format Version 12.00
# Visual Studio Version 17
VisualStudioVersion = 17.7.34009.444
MinimumVisualStudioVersion = 10.0.40219.1
Project("{FAE04EC0-301F-11D3-BF4B-00C04F79EFBC}") = "DF_Async", "DF_Async\DF_Async.csproj", "{877FFA55-A2D3-437C-A21F-BDB2DF59188B}"
EndProject
Global
	GlobalSection(SolutionConfigurationPlatforms) = preSolution
		Debug|Any CPU = Debug|Any CPU
		Release|Any CPU = Release|Any CPU
	EndGlobalSection
	GlobalSection(ProjectConfigurationPlatforms) = postSolution
		{877FFA55-A2D3-437C-A21F-BDB2DF59188B}.Debug|Any CPU.ActiveCfg = Debug|Any CPU
		{877FFA55-A2D3-437C-A21F-BDB2DF59188B}.Debug|Any CPU.Build.0 = Debug|Any CPU
		{877FFA55-A2D3-437C-A21F-BDB2DF59188B}.Release|Any CPU.ActiveCfg = Release|Any CPU
		{877FFA55-A2D3-437C-A21F-BDB2DF59188B}.Release|Any CPU.Build.0 = Release|Any CPU
	EndGlobalSection
	GlobalSection(SolutionProperties) = preSolution
		HideSolutionNode = FALSE
	EndGlobalSection
	GlobalSection(ExtensibilityGlobals) = postSolution
		SolutionGuid = {DDD02827-712E-4E25-B477-1C9A1E9AFD88}
	EndGlobalSection
EndGlobal
